
Microsoft Visual Studio Solution File, Format Version 12.00
# Visual Studio Version 17
VisualStudioVersion = 17.1.32421.90
MinimumVisualStudioVersion = 10.0.40219.1
Project("{FAE04EC0-301F-11D3-BF4B-00C04F79EFBC}") = "BulkBook", "BulkBook\BulkBook.csproj", "{AA569DB0-C97C-4CF2-B08D-83860ABFABAD}"
EndProject
Global
	GlobalSection(SolutionConfigurationPlatforms) = preSolution
		Debug|Any CPU = Debug|Any CPU
		Release|Any CPU = Release|Any CPU
	EndGlobalSection
	GlobalSection(ProjectConfigurationPlatforms) = postSolution
		{AA569DB0-C97C-4CF2-B08D-83860ABFABAD}.Debug|Any CPU.ActiveCfg = Debug|Any CPU
		{AA569DB0-C97C-4CF2-B08D-83860ABFABAD}.Debug|Any CPU.Build.0 = Debug|Any CPU
		{AA569DB0-C97C-4CF2-B08D-83860ABFABAD}.Release|Any CPU.ActiveCfg = Release|Any CPU
		{AA569DB0-C97C-4CF2-B08D-83860ABFABAD}.Release|Any CPU.Build.0 = Release|Any CPU
	EndGlobalSection
	GlobalSection(SolutionProperties) = preSolution
		HideSolutionNode = FALSE
	EndGlobalSection
	GlobalSection(ExtensibilityGlobals) = postSolution
		SolutionGuid = {9D342CEC-B911-4E69-81EE-36A3BC86C6E8}
	EndGlobalSection
EndGlobal
